
Microsoft Visual Studio Solution File, Format Version 12.00
# Visual Studio 15
VisualStudioVersion = 15.0.28307.779
MinimumVisualStudioVersion = 10.0.40219.1
Project("{FAE04EC0-301F-11D3-BF4B-00C04F79EFBC}") = "DUB", "DUB.csproj", "{3BAF837E-C2E8-4A6C-A855-1A566395F621}"
EndProject
Global
	GlobalSection(SolutionConfigurationPlatforms) = preSolution
		Debug|Any CPU = Debug|Any CPU
		Release|Any CPU = Release|Any CPU
	EndGlobalSection
	GlobalSection(ProjectConfigurationPlatforms) = postSolution
		{3BAF837E-C2E8-4A6C-A855-1A566395F621}.Debug|Any CPU.ActiveCfg = Debug|Any CPU
		{3BAF837E-C2E8-4A6C-A855-1A566395F621}.Release|Any CPU.ActiveCfg = Release|Any CPU
		{3BAF837E-C2E8-4A6C-A855-1A566395F621}.Release|Any CPU.Build.0 = Release|Any CPU
	EndGlobalSection
	GlobalSection(SolutionProperties) = preSolution
		HideSolutionNode = FALSE
	EndGlobalSection
	GlobalSection(ExtensibilityGlobals) = postSolution
		SolutionGuid = {8D8986D8-83C5-4D0C-A8B1-4C5B5B6DCD0F}
	EndGlobalSection
EndGlobal
